// !$*UTF8*$!
{
	archiveVersion = 1;
	classes = {
	};
	objectVersion = 46;
	objects = {

/* Begin PBXAggregateTarget section */
		7D5C85486E5D4FEF81383FB2 /* ZERO_CHECK */ = {
			isa = PBXAggregateTarget;
			buildConfigurationList = 5C67F9A9D7B44568B333A2DA /* Build configuration list for PBXAggregateTarget "ZERO_CHECK" */;
			buildPhases = (
				D13B5F1B98ED4698B0549B2A /* CMake Rules */,
			);
			dependencies = (
			);
			name = ZERO_CHECK;
			productName = ZERO_CHECK;
		};
		B0F738063649461C95C80407 /* ALL_BUILD */ = {
			isa = PBXAggregateTarget;
			buildConfigurationList = C84B5C9555A94205A1E87AA2 /* Build configuration list for PBXAggregateTarget "ALL_BUILD" */;
			buildPhases = (
				E81A3B5B4F504B1D91271B1B /* CMake Rules */,
			);
			dependencies = (
				1DAF5CE9721648D5BD73B862 /* PBXTargetDependency */,
				E422E22220B546449130D601 /* PBXTargetDependency */,
			);
			name = ALL_BUILD;
			productName = ALL_BUILD;
		};
/* End PBXAggregateTarget section */

/* Begin PBXBuildFile section */
		0719069CE1EB4442BEDD45B3 /* /Users/alligilbreath/Desktop/project6/project_6_example/src/chars.h */ = {isa = PBXBuildFile; fileRef = D8519066FD5C48A1913CEC04 /* /Users/alligilbreath/Desktop/project6/project_6_example/src/chars.h */; };
		0BD49907D60A4C819B53C199 /* /Users/alligilbreath/Desktop/project6/project_6_example/src/testEndToEnd.cpp */ = {isa = PBXBuildFile; fileRef = 40CCE1C91E624685A3F0E6C5 /* /Users/alligilbreath/Desktop/project6/project_6_example/src/testEndToEnd.cpp */; };
		36169233166E4E4AB9C85772 /* /Users/alligilbreath/Desktop/project6/project_6_example/src/word.h */ = {isa = PBXBuildFile; fileRef = E586E30FE2AF47D3AE1DDE8A /* /Users/alligilbreath/Desktop/project6/project_6_example/src/word.h */; };
		38B42E4AAA3F4C7A9C526DD8 /* /Users/alligilbreath/Desktop/project6/project_6_example/src/card.h */ = {isa = PBXBuildFile; fileRef = D35FE1EDC57C4285A2EE874F /* /Users/alligilbreath/Desktop/project6/project_6_example/src/card.h */; };
		4B4695C7A696427A94013C73 /* /Users/alligilbreath/Desktop/project6/project_6_example/src/main.cpp */ = {isa = PBXBuildFile; fileRef = A038B0BED1E74861A633D2AC /* /Users/alligilbreath/Desktop/project6/project_6_example/src/main.cpp */; };
		5FE75FE39EC54D5FBA2525D1 /* /Users/alligilbreath/Desktop/project6/project_6_example/src/testChars.cpp */ = {isa = PBXBuildFile; fileRef = 65CFB8B5A10F4A7F90DD6C6C /* /Users/alligilbreath/Desktop/project6/project_6_example/src/testChars.cpp */; };
		6F346A8BA3944B9BB7C5E166 /* /Users/alligilbreath/Desktop/project6/project_6_example/src/testChars.h */ = {isa = PBXBuildFile; fileRef = A3036EB512AA43BDA1421278 /* /Users/alligilbreath/Desktop/project6/project_6_example/src/testChars.h */; };
		9F2347672E3C4DEF994C52BE /* /Users/alligilbreath/Desktop/project6/project_6_example/src/word.cpp */ = {isa = PBXBuildFile; fileRef = 3A0F77ACC8CC4B3F8B24DE47 /* /Users/alligilbreath/Desktop/project6/project_6_example/src/word.cpp */; };
		C617BCCC9ECF44FAB0A6E487 /* /Users/alligilbreath/Desktop/project6/project_6_example/src/card.cpp */ = {isa = PBXBuildFile; fileRef = 9F38759614BC4D998D33D08C /* /Users/alligilbreath/Desktop/project6/project_6_example/src/card.cpp */; };
		CC40A3C75F3847A9BB9182F0 /* /Users/alligilbreath/Desktop/project6/project_6_example/src/CMakeLists.txt */ = {isa = PBXBuildFile; fileRef = E50397E7CDF647D6AD9C8EAC /* /Users/alligilbreath/Desktop/project6/project_6_example/src/CMakeLists.txt */; };
		DA7BCE9150394F8C8B77A0F2 /* /Users/alligilbreath/Desktop/project6/project_6_example/src/testEndToEnd.h */ = {isa = PBXBuildFile; fileRef = 80BD0F4A5A444B56AC9D56AB /* /Users/alligilbreath/Desktop/project6/project_6_example/src/testEndToEnd.h */; };
		F84F323544B046E09DBC3429 /* /Users/alligilbreath/Desktop/project6/project_6_example/src/chars.cpp */ = {isa = PBXBuildFile; fileRef = 6B7F385F274D40959ECD292A /* /Users/alligilbreath/Desktop/project6/project_6_example/src/chars.cpp */; };
/* End PBXBuildFile section */

/* Begin PBXBuildStyle section */
		0531415FA3EF45CBB8C2D08B /* Debug */ = {
			isa = PBXBuildStyle;
			buildSettings = {
				COPY_PHASE_STRIP = NO;
			};
			name = Debug;
		};
		0717A88D5514438F92C93902 /* RelWithDebInfo */ = {
			isa = PBXBuildStyle;
			buildSettings = {
				COPY_PHASE_STRIP = NO;
			};
			name = RelWithDebInfo;
		};
		242B0693138F451F9DB6BB43 /* Release */ = {
			isa = PBXBuildStyle;
			buildSettings = {
				COPY_PHASE_STRIP = NO;
			};
			name = Release;
		};
		CAFD7CABD9F644209168D5CB /* MinSizeRel */ = {
			isa = PBXBuildStyle;
			buildSettings = {
				COPY_PHASE_STRIP = NO;
			};
			name = MinSizeRel;
		};
/* End PBXBuildStyle section */

/* Begin PBXContainerItemProxy section */
		3D6C19FDED9F48EE98C1C0D3 /* PBXContainerItemProxy */ = {
			isa = PBXContainerItemProxy;
			containerPortal = 13430D7070EC470D804CD157 /* Project object */;
			proxyType = 1;
			remoteGlobalIDString = 7B524305A1B94D0B9D3496D8;
			remoteInfo = chars;
		};
		6C23384CA00243548D7CEB50 /* PBXContainerItemProxy */ = {
			isa = PBXContainerItemProxy;
			containerPortal = 13430D7070EC470D804CD157 /* Project object */;
			proxyType = 1;
			remoteGlobalIDString = 7D5C85486E5D4FEF81383FB2;
			remoteInfo = ZERO_CHECK;
		};
		77EA543587D8445B9E520184 /* PBXContainerItemProxy */ = {
			isa = PBXContainerItemProxy;
			containerPortal = 13430D7070EC470D804CD157 /* Project object */;
			proxyType = 1;
			remoteGlobalIDString = 7D5C85486E5D4FEF81383FB2;
			remoteInfo = ZERO_CHECK;
		};
/* End PBXContainerItemProxy section */

/* Begin PBXFileReference section */
		1E87B38F404F4FBC8D2E189E /* /Users/alligilbreath/Desktop/project6/project_6_example/src/CMakeLists.txt */ = {isa = PBXFileReference; explicitFileType = sourcecode.text; fileEncoding = 4; name = CMakeLists.txt; path = CMakeLists.txt; sourceTree = SOURCE_ROOT; };
		3A0F77ACC8CC4B3F8B24DE47 /* /Users/alligilbreath/Desktop/project6/project_6_example/src/word.cpp */ = {isa = PBXFileReference; explicitFileType = sourcecode.cpp.cpp; fileEncoding = 4; name = word.cpp; path = word.cpp; sourceTree = SOURCE_ROOT; };
		40CCE1C91E624685A3F0E6C5 /* /Users/alligilbreath/Desktop/project6/project_6_example/src/testEndToEnd.cpp */ = {isa = PBXFileReference; explicitFileType = sourcecode.cpp.cpp; fileEncoding = 4; name = testEndToEnd.cpp; path = testEndToEnd.cpp; sourceTree = SOURCE_ROOT; };
		65CFB8B5A10F4A7F90DD6C6C /* /Users/alligilbreath/Desktop/project6/project_6_example/src/testChars.cpp */ = {isa = PBXFileReference; explicitFileType = sourcecode.cpp.cpp; fileEncoding = 4; name = testChars.cpp; path = testChars.cpp; sourceTree = SOURCE_ROOT; };
		6B7F385F274D40959ECD292A /* /Users/alligilbreath/Desktop/project6/project_6_example/src/chars.cpp */ = {isa = PBXFileReference; explicitFileType = sourcecode.cpp.cpp; fileEncoding = 4; name = chars.cpp; path = chars.cpp; sourceTree = SOURCE_ROOT; };
		80BD0F4A5A444B56AC9D56AB /* /Users/alligilbreath/Desktop/project6/project_6_example/src/testEndToEnd.h */ = {isa = PBXFileReference; explicitFileType = sourcecode.c.h; fileEncoding = 4; name = testEndToEnd.h; path = testEndToEnd.h; sourceTree = SOURCE_ROOT; };
		856097A9047C496E89FF8C31 /* /Users/alligilbreath/Desktop/project6/project_6_example/src/CMakeLists.txt */ = {isa = PBXFileReference; explicitFileType = sourcecode.text; fileEncoding = 4; name = CMakeLists.txt; path = CMakeLists.txt; sourceTree = SOURCE_ROOT; };
		9F38759614BC4D998D33D08C /* /Users/alligilbreath/Desktop/project6/project_6_example/src/card.cpp */ = {isa = PBXFileReference; explicitFileType = sourcecode.cpp.cpp; fileEncoding = 4; name = card.cpp; path = card.cpp; sourceTree = SOURCE_ROOT; };
		A038B0BED1E74861A633D2AC /* /Users/alligilbreath/Desktop/project6/project_6_example/src/main.cpp */ = {isa = PBXFileReference; explicitFileType = sourcecode.cpp.cpp; fileEncoding = 4; name = main.cpp; path = main.cpp; sourceTree = SOURCE_ROOT; };
		A3036EB512AA43BDA1421278 /* /Users/alligilbreath/Desktop/project6/project_6_example/src/testChars.h */ = {isa = PBXFileReference; explicitFileType = sourcecode.c.h; fileEncoding = 4; name = testChars.h; path = testChars.h; sourceTree = SOURCE_ROOT; };
		D35FE1EDC57C4285A2EE874F /* /Users/alligilbreath/Desktop/project6/project_6_example/src/card.h */ = {isa = PBXFileReference; explicitFileType = sourcecode.c.h; fileEncoding = 4; name = card.h; path = card.h; sourceTree = SOURCE_ROOT; };
		D8519066FD5C48A1913CEC04 /* /Users/alligilbreath/Desktop/project6/project_6_example/src/chars.h */ = {isa = PBXFileReference; explicitFileType = sourcecode.c.h; fileEncoding = 4; name = chars.h; path = chars.h; sourceTree = SOURCE_ROOT; };
		DE32BEB7347F476A9DEDD9A6 /* chars */ = {isa = PBXFileReference; explicitFileType = "compiled.mach-o.executable"; path = chars; sourceTree = BUILT_PRODUCTS_DIR; };
		E50397E7CDF647D6AD9C8EAC /* /Users/alligilbreath/Desktop/project6/project_6_example/src/CMakeLists.txt */ = {isa = PBXFileReference; explicitFileType = sourcecode.text; fileEncoding = 4; name = CMakeLists.txt; path = CMakeLists.txt; sourceTree = SOURCE_ROOT; };
		E586E30FE2AF47D3AE1DDE8A /* /Users/alligilbreath/Desktop/project6/project_6_example/src/word.h */ = {isa = PBXFileReference; explicitFileType = sourcecode.c.h; fileEncoding = 4; name = word.h; path = word.h; sourceTree = SOURCE_ROOT; };
/* End PBXFileReference section */

/* Begin PBXGroup section */
		02752759853745E7972D06EE /* ZERO_CHECK */ = {
			isa = PBXGroup;
			children = (
				B14A572EE0B9417CB06D74B6 /* CMake Rules */,
				856097A9047C496E89FF8C31 /* /Users/alligilbreath/Desktop/project6/project_6_example/src/CMakeLists.txt */,
			);
			name = ZERO_CHECK;
			sourceTree = "<group>";
		};
		238B3A54615C4109BDA2B342 /* ALL_BUILD */ = {
			isa = PBXGroup;
			children = (
				ACC33A3B833D4806968A2E10 /* CMake Rules */,
				1E87B38F404F4FBC8D2E189E /* /Users/alligilbreath/Desktop/project6/project_6_example/src/CMakeLists.txt */,
			);
			name = ALL_BUILD;
			sourceTree = "<group>";
		};
		8446DE6EE1274264ACCC3790 /* chars */ = {
			isa = PBXGroup;
			children = (
				A4B205A084D741DA957BC982 /* Source Files */,
				C9A508EB43054A6CB189D385 /* Header Files */,
				E50397E7CDF647D6AD9C8EAC /* /Users/alligilbreath/Desktop/project6/project_6_example/src/CMakeLists.txt */,
			);
			name = chars;
			sourceTree = "<group>";
		};
		8A977FEA41CA49908D23A390 /* Products */ = {
			isa = PBXGroup;
			children = (
				DE32BEB7347F476A9DEDD9A6 /* chars */,
			);
			name = Products;
			sourceTree = "<group>";
		};
		A4B205A084D741DA957BC982 /* Source Files */ = {
			isa = PBXGroup;
			children = (
				9F38759614BC4D998D33D08C /* /Users/alligilbreath/Desktop/project6/project_6_example/src/card.cpp */,
				6B7F385F274D40959ECD292A /* /Users/alligilbreath/Desktop/project6/project_6_example/src/chars.cpp */,
				A038B0BED1E74861A633D2AC /* /Users/alligilbreath/Desktop/project6/project_6_example/src/main.cpp */,
				65CFB8B5A10F4A7F90DD6C6C /* /Users/alligilbreath/Desktop/project6/project_6_example/src/testChars.cpp */,
				40CCE1C91E624685A3F0E6C5 /* /Users/alligilbreath/Desktop/project6/project_6_example/src/testEndToEnd.cpp */,
				3A0F77ACC8CC4B3F8B24DE47 /* /Users/alligilbreath/Desktop/project6/project_6_example/src/word.cpp */,
			);
			name = "Source Files";
			sourceTree = "<group>";
		};
		ACC33A3B833D4806968A2E10 /* CMake Rules */ = {
			isa = PBXGroup;
			children = (
			);
			name = "CMake Rules";
			sourceTree = "<group>";
		};
		B14A572EE0B9417CB06D74B6 /* CMake Rules */ = {
			isa = PBXGroup;
			children = (
			);
			name = "CMake Rules";
			sourceTree = "<group>";
		};
		C9A508EB43054A6CB189D385 /* Header Files */ = {
			isa = PBXGroup;
			children = (
				D35FE1EDC57C4285A2EE874F /* /Users/alligilbreath/Desktop/project6/project_6_example/src/card.h */,
				D8519066FD5C48A1913CEC04 /* /Users/alligilbreath/Desktop/project6/project_6_example/src/chars.h */,
				A3036EB512AA43BDA1421278 /* /Users/alligilbreath/Desktop/project6/project_6_example/src/testChars.h */,
				80BD0F4A5A444B56AC9D56AB /* /Users/alligilbreath/Desktop/project6/project_6_example/src/testEndToEnd.h */,
				E586E30FE2AF47D3AE1DDE8A /* /Users/alligilbreath/Desktop/project6/project_6_example/src/word.h */,
			);
			name = "Header Files";
			sourceTree = "<group>";
		};
		E591EA0BEC6F4331A608313F = {
			isa = PBXGroup;
			children = (
				8446DE6EE1274264ACCC3790 /* chars */,
				238B3A54615C4109BDA2B342 /* ALL_BUILD */,
				02752759853745E7972D06EE /* ZERO_CHECK */,
				8A977FEA41CA49908D23A390 /* Products */,
			);
			sourceTree = "<group>";
		};
/* End PBXGroup section */

/* Begin PBXNativeTarget section */
		7B524305A1B94D0B9D3496D8 /* chars */ = {
			isa = PBXNativeTarget;
			buildConfigurationList = 21FCA387FCA541DCA81F16F0 /* Build configuration list for PBXNativeTarget "chars" */;
			buildPhases = (
				0AC6C3BFF5934C2CB629B60F /* Sources */,
			);
			buildRules = (
			);
			dependencies = (
				062F09E0BC744BB6BD4F29A3 /* PBXTargetDependency */,
			);
			name = chars;
			productName = chars;
			productReference = DE32BEB7347F476A9DEDD9A6 /* chars */;
			productType = "com.apple.product-type.tool";
		};
/* End PBXNativeTarget section */

/* Begin PBXProject section */
		13430D7070EC470D804CD157 /* Project object */ = {
			isa = PBXProject;
			attributes = {
				BuildIndependentTargetsInParallel = YES;
				LastUpgradeCheck = 0920;
			};
			buildConfigurationList = D77DA17BFEF343CE9954CF41 /* Build configuration list for PBXProject "Project" */;
			buildSettings = {
			};
			buildStyles = (
				0531415FA3EF45CBB8C2D08B /* Debug */,
				242B0693138F451F9DB6BB43 /* Release */,
				CAFD7CABD9F644209168D5CB /* MinSizeRel */,
				0717A88D5514438F92C93902 /* RelWithDebInfo */,
			);
			compatibilityVersion = "Xcode 3.2";
			hasScannedForEncodings = 0;
			mainGroup = E591EA0BEC6F4331A608313F;
			projectDirPath = /Users/alligilbreath/Desktop/project6/project_6_example/src;
			projectRoot = "";
			targets = (
				B0F738063649461C95C80407 /* ALL_BUILD */,
				7D5C85486E5D4FEF81383FB2 /* ZERO_CHECK */,
				7B524305A1B94D0B9D3496D8 /* chars */,
			);
		};
/* End PBXProject section */

/* Begin PBXShellScriptBuildPhase section */
		2F40E0A909EC4764B5C52F7A = {
			isa = PBXShellScriptBuildPhase;
			buildActionMask = 2147483647;
			files = (
			);
			inputPaths = (
			);
			outputPaths = (
			);
			runOnlyForDeploymentPostprocessing = 0;
			shellPath = /bin/sh;
			shellScript = "# shell script goes here
exit 0";
			showEnvVarsInLog = 0;
		};
		911E6A1353D347FD97C07A03 = {
			isa = PBXShellScriptBuildPhase;
			buildActionMask = 2147483647;
			files = (
			);
			inputPaths = (
			);
			outputPaths = (
			);
			runOnlyForDeploymentPostprocessing = 0;
			shellPath = /bin/sh;
			shellScript = "# shell script goes here
exit 0";
			showEnvVarsInLog = 0;
		};
		D13B5F1B98ED4698B0549B2A /* CMake Rules */ = {
			isa = PBXShellScriptBuildPhase;
			buildActionMask = 2147483647;
			files = (
			);
			name = "CMake Rules";
			runOnlyForDeploymentPostprocessing = 0;
			shellPath = /bin/sh;
			shellScript = "make -C /Users/alligilbreath/Desktop/project6/project_6_example/bld -f /Users/alligilbreath/Desktop/project6/project_6_example/bld/CMakeScripts/ZERO_CHECK_cmakeRulesBuildPhase.make$CONFIGURATION all";
			showEnvVarsInLog = 0;
		};
		E81A3B5B4F504B1D91271B1B /* CMake Rules */ = {
			isa = PBXShellScriptBuildPhase;
			buildActionMask = 2147483647;
			files = (
			);
			name = "CMake Rules";
			runOnlyForDeploymentPostprocessing = 0;
			shellPath = /bin/sh;
			shellScript = "make -C /Users/alligilbreath/Desktop/project6/project_6_example/bld -f /Users/alligilbreath/Desktop/project6/project_6_example/bld/CMakeScripts/ALL_BUILD_cmakeRulesBuildPhase.make$CONFIGURATION all";
			showEnvVarsInLog = 0;
		};
/* End PBXShellScriptBuildPhase section */

/* Begin PBXSourcesBuildPhase section */
		0AC6C3BFF5934C2CB629B60F /* Sources */ = {
			isa = PBXSourcesBuildPhase;
			buildActionMask = 2147483647;
			files = (
				C617BCCC9ECF44FAB0A6E487 /* /Users/alligilbreath/Desktop/project6/project_6_example/src/card.cpp */,
				F84F323544B046E09DBC3429 /* /Users/alligilbreath/Desktop/project6/project_6_example/src/chars.cpp */,
				4B4695C7A696427A94013C73 /* /Users/alligilbreath/Desktop/project6/project_6_example/src/main.cpp */,
				5FE75FE39EC54D5FBA2525D1 /* /Users/alligilbreath/Desktop/project6/project_6_example/src/testChars.cpp */,
				0BD49907D60A4C819B53C199 /* /Users/alligilbreath/Desktop/project6/project_6_example/src/testEndToEnd.cpp */,
				9F2347672E3C4DEF994C52BE /* /Users/alligilbreath/Desktop/project6/project_6_example/src/word.cpp */,
			);
			runOnlyForDeploymentPostprocessing = 0;
		};
/* End PBXSourcesBuildPhase section */

/* Begin PBXTargetDependency section */
		062F09E0BC744BB6BD4F29A3 /* PBXTargetDependency */ = {
			isa = PBXTargetDependency;
			target = 7D5C85486E5D4FEF81383FB2 /* ZERO_CHECK */;
			targetProxy = 6C23384CA00243548D7CEB50 /* PBXContainerItemProxy */;
		};
		1DAF5CE9721648D5BD73B862 /* PBXTargetDependency */ = {
			isa = PBXTargetDependency;
			target = 7D5C85486E5D4FEF81383FB2 /* ZERO_CHECK */;
			targetProxy = 77EA543587D8445B9E520184 /* PBXContainerItemProxy */;
		};
		E422E22220B546449130D601 /* PBXTargetDependency */ = {
			isa = PBXTargetDependency;
			target = 7B524305A1B94D0B9D3496D8 /* chars */;
			targetProxy = 3D6C19FDED9F48EE98C1C0D3 /* PBXContainerItemProxy */;
		};
/* End PBXTargetDependency section */

/* Begin XCBuildConfiguration section */
		0299761A97954F83B7AF0D74 /* Debug */ = {
			isa = XCBuildConfiguration;
			buildSettings = {
				COMBINE_HIDPI_IMAGES = YES;
				GCC_GENERATE_DEBUGGING_SYMBOLS = YES;
				GCC_INLINES_ARE_PRIVATE_EXTERN = NO;
				GCC_OPTIMIZATION_LEVEL = 0;
				GCC_PREPROCESSOR_DEFINITIONS = ("'CMAKE_INTDIR=\"$(CONFIGURATION)$(EFFECTIVE_PLATFORM_NAME)\"'");
				GCC_SYMBOLS_PRIVATE_EXTERN = NO;
				INSTALL_PATH = "";
				OTHER_LDFLAGS = " ";
				OTHER_REZFLAGS = "";
				PRODUCT_NAME = ZERO_CHECK;
				SECTORDER_FLAGS = "";
				SYMROOT = /Users/alligilbreath/Desktop/project6/project_6_example/bld;
				USE_HEADERMAP = NO;
				WARNING_CFLAGS = ("-Wmost","-Wno-four-char-constants","-Wno-unknown-pragmas","$(inherited)");
			};
			name = Debug;
		};
		346A746CA7CE40F19491032C /* RelWithDebInfo */ = {
			isa = XCBuildConfiguration;
			buildSettings = {
				COMBINE_HIDPI_IMAGES = YES;
				GCC_GENERATE_DEBUGGING_SYMBOLS = YES;
				GCC_INLINES_ARE_PRIVATE_EXTERN = NO;
				GCC_OPTIMIZATION_LEVEL = 0;
				GCC_PREPROCESSOR_DEFINITIONS = ("'CMAKE_INTDIR=\"$(CONFIGURATION)$(EFFECTIVE_PLATFORM_NAME)\"'");
				GCC_SYMBOLS_PRIVATE_EXTERN = NO;
				INSTALL_PATH = "";
				OTHER_LDFLAGS = " ";
				OTHER_REZFLAGS = "";
				PRODUCT_NAME = ZERO_CHECK;
				SECTORDER_FLAGS = "";
				SYMROOT = /Users/alligilbreath/Desktop/project6/project_6_example/bld;
				USE_HEADERMAP = NO;
				WARNING_CFLAGS = ("-Wmost","-Wno-four-char-constants","-Wno-unknown-pragmas","$(inherited)");
			};
			name = RelWithDebInfo;
		};
		434EE5B61EA646DC92149A68 /* Debug */ = {
			isa = XCBuildConfiguration;
			buildSettings = {
				COMBINE_HIDPI_IMAGES = YES;
				GCC_GENERATE_DEBUGGING_SYMBOLS = YES;
				GCC_INLINES_ARE_PRIVATE_EXTERN = NO;
				GCC_OPTIMIZATION_LEVEL = 0;
				GCC_PREPROCESSOR_DEFINITIONS = ("'CMAKE_INTDIR=\"$(CONFIGURATION)$(EFFECTIVE_PLATFORM_NAME)\"'");
				GCC_SYMBOLS_PRIVATE_EXTERN = NO;
				INSTALL_PATH = "";
				OTHER_LDFLAGS = " ";
				OTHER_REZFLAGS = "";
				PRODUCT_NAME = ALL_BUILD;
				SECTORDER_FLAGS = "";
				SYMROOT = /Users/alligilbreath/Desktop/project6/project_6_example/bld;
				USE_HEADERMAP = NO;
				WARNING_CFLAGS = ("-Wmost","-Wno-four-char-constants","-Wno-unknown-pragmas","$(inherited)");
			};
			name = Debug;
		};
		48AE925846114377974A4B60 /* RelWithDebInfo */ = {
			isa = XCBuildConfiguration;
			buildSettings = {
				COMBINE_HIDPI_IMAGES = YES;
				GCC_GENERATE_DEBUGGING_SYMBOLS = YES;
				GCC_INLINES_ARE_PRIVATE_EXTERN = NO;
				GCC_OPTIMIZATION_LEVEL = 0;
				GCC_PREPROCESSOR_DEFINITIONS = ("'CMAKE_INTDIR=\"$(CONFIGURATION)$(EFFECTIVE_PLATFORM_NAME)\"'");
				GCC_SYMBOLS_PRIVATE_EXTERN = NO;
				INSTALL_PATH = "";
				OTHER_LDFLAGS = " ";
				OTHER_REZFLAGS = "";
				PRODUCT_NAME = ALL_BUILD;
				SECTORDER_FLAGS = "";
				SYMROOT = /Users/alligilbreath/Desktop/project6/project_6_example/bld;
				USE_HEADERMAP = NO;
				WARNING_CFLAGS = ("-Wmost","-Wno-four-char-constants","-Wno-unknown-pragmas","$(inherited)");
			};
			name = RelWithDebInfo;
		};
		589ED6475D0D418FAB46A6CD /* Release */ = {
			isa = XCBuildConfiguration;
			buildSettings = {
				ONLY_ACTIVE_ARCH = YES;
				SDKROOT = /Applications/Xcode.app/Contents/Developer/Platforms/MacOSX.platform/Developer/SDKs/MacOSX10.13.sdk;
				SYMROOT = /Users/alligilbreath/Desktop/project6/project_6_example/bld/build;
			};
			name = Release;
		};
		7895EC4126614D1DA2AA45F9 /* MinSizeRel */ = {
			isa = XCBuildConfiguration;
			buildSettings = {
				ONLY_ACTIVE_ARCH = YES;
				SDKROOT = /Applications/Xcode.app/Contents/Developer/Platforms/MacOSX.platform/Developer/SDKs/MacOSX10.13.sdk;
				SYMROOT = /Users/alligilbreath/Desktop/project6/project_6_example/bld/build;
			};
			name = MinSizeRel;
		};
		7B98A818955341EEAF15D6F8 /* RelWithDebInfo */ = {
			isa = XCBuildConfiguration;
			buildSettings = {
				COMBINE_HIDPI_IMAGES = YES;
				EXECUTABLE_PREFIX = "";
				EXECUTABLE_SUFFIX = "";
				GCC_GENERATE_DEBUGGING_SYMBOLS = YES;
				GCC_INLINES_ARE_PRIVATE_EXTERN = NO;
				GCC_OPTIMIZATION_LEVEL = 2;
				GCC_PREPROCESSOR_DEFINITIONS = ("'CMAKE_INTDIR=\"$(CONFIGURATION)$(EFFECTIVE_PLATFORM_NAME)\"'");
				GCC_SYMBOLS_PRIVATE_EXTERN = NO;
				INSTALL_PATH = "";
				LIBRARY_SEARCH_PATHS = "";
				OTHER_CPLUSPLUSFLAGS = " -std=c++11        -DNDEBUG   -Wall -g";
				OTHER_LDFLAGS = " -Wl,-search_paths_first -Wl,-headerpad_max_install_names  ";
				OTHER_REZFLAGS = "";
				PRODUCT_NAME = chars;
				SECTORDER_FLAGS = "";
				SYMROOT = /Users/alligilbreath/Desktop/project6/project_6_example/bld;
				USE_HEADERMAP = NO;
				WARNING_CFLAGS = ("-Wmost","-Wno-four-char-constants","-Wno-unknown-pragmas","$(inherited)");
			};
			name = RelWithDebInfo;
		};
		966FCA80E8454BF0B8A71397 /* Release */ = {
			isa = XCBuildConfiguration;
			buildSettings = {
				COMBINE_HIDPI_IMAGES = YES;
				GCC_GENERATE_DEBUGGING_SYMBOLS = YES;
				GCC_INLINES_ARE_PRIVATE_EXTERN = NO;
				GCC_OPTIMIZATION_LEVEL = 0;
				GCC_PREPROCESSOR_DEFINITIONS = ("'CMAKE_INTDIR=\"$(CONFIGURATION)$(EFFECTIVE_PLATFORM_NAME)\"'");
				GCC_SYMBOLS_PRIVATE_EXTERN = NO;
				INSTALL_PATH = "";
				OTHER_LDFLAGS = " ";
				OTHER_REZFLAGS = "";
				PRODUCT_NAME = ZERO_CHECK;
				SECTORDER_FLAGS = "";
				SYMROOT = /Users/alligilbreath/Desktop/project6/project_6_example/bld;
				USE_HEADERMAP = NO;
				WARNING_CFLAGS = ("-Wmost","-Wno-four-char-constants","-Wno-unknown-pragmas","$(inherited)");
			};
			name = Release;
		};
		993FE57FBE404C238BF71322 /* MinSizeRel */ = {
			isa = XCBuildConfiguration;
			buildSettings = {
				COMBINE_HIDPI_IMAGES = YES;
				GCC_GENERATE_DEBUGGING_SYMBOLS = YES;
				GCC_INLINES_ARE_PRIVATE_EXTERN = NO;
				GCC_OPTIMIZATION_LEVEL = 0;
				GCC_PREPROCESSOR_DEFINITIONS = ("'CMAKE_INTDIR=\"$(CONFIGURATION)$(EFFECTIVE_PLATFORM_NAME)\"'");
				GCC_SYMBOLS_PRIVATE_EXTERN = NO;
				INSTALL_PATH = "";
				OTHER_LDFLAGS = " ";
				OTHER_REZFLAGS = "";
				PRODUCT_NAME = ALL_BUILD;
				SECTORDER_FLAGS = "";
				SYMROOT = /Users/alligilbreath/Desktop/project6/project_6_example/bld;
				USE_HEADERMAP = NO;
				WARNING_CFLAGS = ("-Wmost","-Wno-four-char-constants","-Wno-unknown-pragmas","$(inherited)");
			};
			name = MinSizeRel;
		};
		A628426B79E04BF7A46EB3C0 /* RelWithDebInfo */ = {
			isa = XCBuildConfiguration;
			buildSettings = {
				ONLY_ACTIVE_ARCH = YES;
				SDKROOT = /Applications/Xcode.app/Contents/Developer/Platforms/MacOSX.platform/Developer/SDKs/MacOSX10.13.sdk;
				SYMROOT = /Users/alligilbreath/Desktop/project6/project_6_example/bld/build;
			};
			name = RelWithDebInfo;
		};
		BC510FFDC907451285F2475B /* Release */ = {
			isa = XCBuildConfiguration;
			buildSettings = {
				COMBINE_HIDPI_IMAGES = YES;
				EXECUTABLE_PREFIX = "";
				EXECUTABLE_SUFFIX = "";
				GCC_GENERATE_DEBUGGING_SYMBOLS = NO;
				GCC_INLINES_ARE_PRIVATE_EXTERN = NO;
				GCC_OPTIMIZATION_LEVEL = 3;
				GCC_PREPROCESSOR_DEFINITIONS = ("'CMAKE_INTDIR=\"$(CONFIGURATION)$(EFFECTIVE_PLATFORM_NAME)\"'");
				GCC_SYMBOLS_PRIVATE_EXTERN = NO;
				INSTALL_PATH = "";
				LIBRARY_SEARCH_PATHS = "";
				OTHER_CPLUSPLUSFLAGS = " -std=c++11     -DNDEBUG   -Wall -g";
				OTHER_LDFLAGS = " -Wl,-search_paths_first -Wl,-headerpad_max_install_names  ";
				OTHER_REZFLAGS = "";
				PRODUCT_NAME = chars;
				SECTORDER_FLAGS = "";
				SYMROOT = /Users/alligilbreath/Desktop/project6/project_6_example/bld;
				USE_HEADERMAP = NO;
				WARNING_CFLAGS = ("-Wmost","-Wno-four-char-constants","-Wno-unknown-pragmas","$(inherited)");
			};
			name = Release;
		};
		CBE7EE49A347436390F49A17 /* MinSizeRel */ = {
			isa = XCBuildConfiguration;
			buildSettings = {
				COMBINE_HIDPI_IMAGES = YES;
				GCC_GENERATE_DEBUGGING_SYMBOLS = YES;
				GCC_INLINES_ARE_PRIVATE_EXTERN = NO;
				GCC_OPTIMIZATION_LEVEL = 0;
				GCC_PREPROCESSOR_DEFINITIONS = ("'CMAKE_INTDIR=\"$(CONFIGURATION)$(EFFECTIVE_PLATFORM_NAME)\"'");
				GCC_SYMBOLS_PRIVATE_EXTERN = NO;
				INSTALL_PATH = "";
				OTHER_LDFLAGS = " ";
				OTHER_REZFLAGS = "";
				PRODUCT_NAME = ZERO_CHECK;
				SECTORDER_FLAGS = "";
				SYMROOT = /Users/alligilbreath/Desktop/project6/project_6_example/bld;
				USE_HEADERMAP = NO;
				WARNING_CFLAGS = ("-Wmost","-Wno-four-char-constants","-Wno-unknown-pragmas","$(inherited)");
			};
			name = MinSizeRel;
		};
		CF5A0A939F3D4D5EB14F5B29 /* Release */ = {
			isa = XCBuildConfiguration;
			buildSettings = {
				COMBINE_HIDPI_IMAGES = YES;
				GCC_GENERATE_DEBUGGING_SYMBOLS = YES;
				GCC_INLINES_ARE_PRIVATE_EXTERN = NO;
				GCC_OPTIMIZATION_LEVEL = 0;
				GCC_PREPROCESSOR_DEFINITIONS = ("'CMAKE_INTDIR=\"$(CONFIGURATION)$(EFFECTIVE_PLATFORM_NAME)\"'");
				GCC_SYMBOLS_PRIVATE_EXTERN = NO;
				INSTALL_PATH = "";
				OTHER_LDFLAGS = " ";
				OTHER_REZFLAGS = "";
				PRODUCT_NAME = ALL_BUILD;
				SECTORDER_FLAGS = "";
				SYMROOT = /Users/alligilbreath/Desktop/project6/project_6_example/bld;
				USE_HEADERMAP = NO;
				WARNING_CFLAGS = ("-Wmost","-Wno-four-char-constants","-Wno-unknown-pragmas","$(inherited)");
			};
			name = Release;
		};
		D60FA2963E684BD38AE8C25E /* Debug */ = {
			isa = XCBuildConfiguration;
			buildSettings = {
				ONLY_ACTIVE_ARCH = YES;
				SDKROOT = /Applications/Xcode.app/Contents/Developer/Platforms/MacOSX.platform/Developer/SDKs/MacOSX10.13.sdk;
				SYMROOT = /Users/alligilbreath/Desktop/project6/project_6_example/bld/build;
			};
			name = Debug;
		};
		E1458523717A47E09DD08664 /* Debug */ = {
			isa = XCBuildConfiguration;
			buildSettings = {
				COMBINE_HIDPI_IMAGES = YES;
				EXECUTABLE_PREFIX = "";
				EXECUTABLE_SUFFIX = "";
				GCC_GENERATE_DEBUGGING_SYMBOLS = YES;
				GCC_INLINES_ARE_PRIVATE_EXTERN = NO;
				GCC_OPTIMIZATION_LEVEL = 0;
				GCC_PREPROCESSOR_DEFINITIONS = ("'CMAKE_INTDIR=\"$(CONFIGURATION)$(EFFECTIVE_PLATFORM_NAME)\"'");
				GCC_SYMBOLS_PRIVATE_EXTERN = NO;
				INSTALL_PATH = "";
				LIBRARY_SEARCH_PATHS = "";
				OTHER_CPLUSPLUSFLAGS = " -std=c++11      -Wall -g";
				OTHER_LDFLAGS = " -Wl,-search_paths_first -Wl,-headerpad_max_install_names  ";
				OTHER_REZFLAGS = "";
				PRODUCT_NAME = chars;
				SECTORDER_FLAGS = "";
				SYMROOT = /Users/alligilbreath/Desktop/project6/project_6_example/bld;
				USE_HEADERMAP = NO;
				WARNING_CFLAGS = ("-Wmost","-Wno-four-char-constants","-Wno-unknown-pragmas","$(inherited)");
			};
			name = Debug;
		};
		E8123052B42E45269C7C1E12 /* MinSizeRel */ = {
			isa = XCBuildConfiguration;
			buildSettings = {
				COMBINE_HIDPI_IMAGES = YES;
				EXECUTABLE_PREFIX = "";
				EXECUTABLE_SUFFIX = "";
				GCC_GENERATE_DEBUGGING_SYMBOLS = NO;
				GCC_INLINES_ARE_PRIVATE_EXTERN = NO;
				GCC_OPTIMIZATION_LEVEL = s;
				GCC_PREPROCESSOR_DEFINITIONS = ("'CMAKE_INTDIR=\"$(CONFIGURATION)$(EFFECTIVE_PLATFORM_NAME)\"'");
				GCC_SYMBOLS_PRIVATE_EXTERN = NO;
				INSTALL_PATH = "";
				LIBRARY_SEARCH_PATHS = "";
				OTHER_CPLUSPLUSFLAGS = " -std=c++11     -DNDEBUG   -Wall -g";
				OTHER_LDFLAGS = " -Wl,-search_paths_first -Wl,-headerpad_max_install_names  ";
				OTHER_REZFLAGS = "";
				PRODUCT_NAME = chars;
				SECTORDER_FLAGS = "";
				SYMROOT = /Users/alligilbreath/Desktop/project6/project_6_example/bld;
				USE_HEADERMAP = NO;
				WARNING_CFLAGS = ("-Wmost","-Wno-four-char-constants","-Wno-unknown-pragmas","$(inherited)");
			};
			name = MinSizeRel;
		};
/* End XCBuildConfiguration section */

/* Begin XCConfigurationList section */
		21FCA387FCA541DCA81F16F0 /* Build configuration list for PBXNativeTarget "chars" */ = {
			isa = XCConfigurationList;
			buildConfigurations = (
				E1458523717A47E09DD08664 /* Debug */,
				BC510FFDC907451285F2475B /* Release */,
				E8123052B42E45269C7C1E12 /* MinSizeRel */,
				7B98A818955341EEAF15D6F8 /* RelWithDebInfo */,
			);
			defaultConfigurationIsVisible = 0;
			defaultConfigurationName = Debug;
		};
		5C67F9A9D7B44568B333A2DA /* Build configuration list for PBXAggregateTarget "ZERO_CHECK" */ = {
			isa = XCConfigurationList;
			buildConfigurations = (
				0299761A97954F83B7AF0D74 /* Debug */,
				966FCA80E8454BF0B8A71397 /* Release */,
				CBE7EE49A347436390F49A17 /* MinSizeRel */,
				346A746CA7CE40F19491032C /* RelWithDebInfo */,
			);
			defaultConfigurationIsVisible = 0;
			defaultConfigurationName = Debug;
		};
		C84B5C9555A94205A1E87AA2 /* Build configuration list for PBXAggregateTarget "ALL_BUILD" */ = {
			isa = XCConfigurationList;
			buildConfigurations = (
				434EE5B61EA646DC92149A68 /* Debug */,
				CF5A0A939F3D4D5EB14F5B29 /* Release */,
				993FE57FBE404C238BF71322 /* MinSizeRel */,
				48AE925846114377974A4B60 /* RelWithDebInfo */,
			);
			defaultConfigurationIsVisible = 0;
			defaultConfigurationName = Debug;
		};
		D77DA17BFEF343CE9954CF41 /* Build configuration list for PBXProject "Project" */ = {
			isa = XCConfigurationList;
			buildConfigurations = (
				D60FA2963E684BD38AE8C25E /* Debug */,
				589ED6475D0D418FAB46A6CD /* Release */,
				7895EC4126614D1DA2AA45F9 /* MinSizeRel */,
				A628426B79E04BF7A46EB3C0 /* RelWithDebInfo */,
			);
			defaultConfigurationIsVisible = 0;
			defaultConfigurationName = Debug;
		};
/* End XCConfigurationList section */
	};
	rootObject = 13430D7070EC470D804CD157 /* Project object */;
}
